
Microsoft Visual Studio Solution File, Format Version 12.00
# Visual Studio Version 17
VisualStudioVersion = 17.5.33516.290
MinimumVisualStudioVersion = 10.0.40219.1
Project("{FAE04EC0-301F-11D3-BF4B-00C04F79EFBC}") = "ASP.NET-TestApp", ".\ASP.NET-TestApp\ASP.NET-TestApp.csproj", "{CF0C762F-657A-42AE-BF4F-3D9E9CE58524}"
EndProject
Global
	GlobalSection(SolutionConfigurationPlatforms) = preSolution
		Debug|Any CPU = Debug|Any CPU
		Release|Any CPU = Release|Any CPU
	EndGlobalSection
	GlobalSection(ProjectConfigurationPlatforms) = postSolution
		{CF0C762F-657A-42AE-BF4F-3D9E9CE58524}.Debug|Any CPU.ActiveCfg = Debug|Any CPU
		{CF0C762F-657A-42AE-BF4F-3D9E9CE58524}.Debug|Any CPU.Build.0 = Debug|Any CPU
		{CF0C762F-657A-42AE-BF4F-3D9E9CE58524}.Release|Any CPU.ActiveCfg = Release|Any CPU
		{CF0C762F-657A-42AE-BF4F-3D9E9CE58524}.Release|Any CPU.Build.0 = Release|Any CPU
	EndGlobalSection
	GlobalSection(SolutionProperties) = preSolution
		HideSolutionNode = FALSE
	EndGlobalSection
	GlobalSection(ExtensibilityGlobals) = postSolution
		SolutionGuid = {5A7534F5-1F04-4667-BDD5-99F715FDF539}
	EndGlobalSection
EndGlobal
